
Microsoft Visual Studio Solution File, Format Version 12.00
# Visual Studio Version 17
VisualStudioVersion = 17.6.33815.320
MinimumVisualStudioVersion = 10.0.40219.1
Project("{FAE04EC0-301F-11D3-BF4B-00C04F79EFBC}") = "GitBranchMergeTest03", "GitBranchMergeTest03\GitBranchMergeTest03.csproj", "{AC704AFA-75D9-465D-8432-23473260C6AD}"
EndProject
Global
	GlobalSection(SolutionConfigurationPlatforms) = preSolution
		Debug|Any CPU = Debug|Any CPU
		Release|Any CPU = Release|Any CPU
	EndGlobalSection
	GlobalSection(ProjectConfigurationPlatforms) = postSolution
		{AC704AFA-75D9-465D-8432-23473260C6AD}.Debug|Any CPU.ActiveCfg = Debug|Any CPU
		{AC704AFA-75D9-465D-8432-23473260C6AD}.Debug|Any CPU.Build.0 = Debug|Any CPU
		{AC704AFA-75D9-465D-8432-23473260C6AD}.Release|Any CPU.ActiveCfg = Release|Any CPU
		{AC704AFA-75D9-465D-8432-23473260C6AD}.Release|Any CPU.Build.0 = Release|Any CPU
	EndGlobalSection
	GlobalSection(SolutionProperties) = preSolution
		HideSolutionNode = FALSE
	EndGlobalSection
	GlobalSection(ExtensibilityGlobals) = postSolution
		SolutionGuid = {2953A94C-C3DA-4A0B-A0BF-741298D0AC74}
	EndGlobalSection
EndGlobal
